
Microsoft Visual Studio Solution File, Format Version 12.00
# Visual Studio 14
VisualStudioVersion = 14.0.25420.1
MinimumVisualStudioVersion = 10.0.40219.1
Project("{54435603-DBB4-11D2-8724-00A0C9A8B90C}") = "Setup", "..\Setup\Setup.vdproj", "{B1F9D6B1-D6F6-4978-A3F5-AEA4DB5A1328}"
EndProject
Project("{FAE04EC0-301F-11D3-BF4B-00C04F79EFBC}") = "AppToInstall", "AppToInstall\AppToInstall.csproj", "{08C93A85-4419-42D6-BC3D-1FF58764A60E}"
EndProject
Global
	GlobalSection(SolutionConfigurationPlatforms) = preSolution
		Debug|Any CPU = Debug|Any CPU
		Release|Any CPU = Release|Any CPU
	EndGlobalSection
	GlobalSection(ProjectConfigurationPlatforms) = postSolution
		{B1F9D6B1-D6F6-4978-A3F5-AEA4DB5A1328}.Debug|Any CPU.ActiveCfg = Debug
		{B1F9D6B1-D6F6-4978-A3F5-AEA4DB5A1328}.Release|Any CPU.ActiveCfg = Release
		{08C93A85-4419-42D6-BC3D-1FF58764A60E}.Debug|Any CPU.ActiveCfg = Debug|Any CPU
		{08C93A85-4419-42D6-BC3D-1FF58764A60E}.Debug|Any CPU.Build.0 = Debug|Any CPU
		{08C93A85-4419-42D6-BC3D-1FF58764A60E}.Release|Any CPU.ActiveCfg = Release|Any CPU
		{08C93A85-4419-42D6-BC3D-1FF58764A60E}.Release|Any CPU.Build.0 = Release|Any CPU
	EndGlobalSection
	GlobalSection(SolutionProperties) = preSolution
		HideSolutionNode = FALSE
	EndGlobalSection
EndGlobal
